Microsoft Visual Studio Solution File, Format Version 12.00
# Visual Studio 2012
Project("{FAE04EC0-301F-11D3-BF4B-00C04F79EFBC}") = "DotNetNuke.Library", "Community\Library\DotNetNuke.Library.csproj", "{D391550C-7107-49B2-A6AC-8627C8B06ADC}"
	ProjectSection(ProjectDependencies) = postProject
		{86AF9531-D270-4C18-A8B9-C67A8782AF69} = {86AF9531-D270-4C18-A8B9-C67A8782AF69}
		{DDF18E36-41A0-4CA7-A098-78CA6E6F41C1} = {DDF18E36-41A0-4CA7-A098-78CA6E6F41C1}
		{89093FD0-076F-48CD-9232-B665226CDBF0} = {89093FD0-076F-48CD-9232-B665226CDBF0}
		{537B45EB-2EC3-4849-BC6B-D761F43674A5} = {537B45EB-2EC3-4849-BC6B-D761F43674A5}
	EndProjectSection
EndProject
Project("{FAE04EC0-301F-11D3-BF4B-00C04F79EFBC}") = "Provider.DNNDropDownNavigationProvider", "Community\Providers\NavigationProviders\DNNDropDownNavigationProvider\Provider.DNNDropDownNavigationProvider.csproj", "{982CB668-91F8-43BB-AC80-D4E178E6D2B4}"
EndProject
Project("{FAE04EC0-301F-11D3-BF4B-00C04F79EFBC}") = "Provider.DNNMenuNavigationProvider", "Community\Providers\NavigationProviders\DNNMenuNavigationProvider\Provider.DNNMenuNavigationProvider.csproj", "{78BC5861-5023-4370-A30A-EC7629E93ED1}"
EndProject
Project("{FAE04EC0-301F-11D3-BF4B-00C04F79EFBC}") = "Provider.DNNTreeNavigationProvider", "Community\Providers\NavigationProviders\DNNTreeNavigationProvider\Provider.DNNTreeNavigationProvider.csproj", "{4F30AA90-BE74-4354-B3E1-DE0004F5E395}"
EndProject
Project("{FAE04EC0-301F-11D3-BF4B-00C04F79EFBC}") = "Provider.SolpartMenuNavigationProvider", "Community\Providers\NavigationProviders\SolpartMenuNavigationProvider\Provider.SolpartMenuNavigationProvider.csproj", "{1A19AB44-33A4-4222-A420-7B213E91C647}"
EndProject
Project("{FAE04EC0-301F-11D3-BF4B-00C04F79EFBC}") = "CountryListBox", "Community\Controls\CountryListBox\CountryListBox.csproj", "{89093FD0-076F-48CD-9232-B665226CDBF0}"
EndProject
Project("{FAE04EC0-301F-11D3-BF4B-00C04F79EFBC}") = "Provider.ASP2MenuNavigationProvider", "Community\Providers\NavigationProviders\ASP2MenuNavigationProvider\Provider.ASP2MenuNavigationProvider.csproj", "{1012996F-79CF-4175-81D7-B3B131A81489}"
EndProject
Project("{FAE04EC0-301F-11D3-BF4B-00C04F79EFBC}") = "DotNetNuke.Syndication", "Community\Syndication\DotNetNuke.Syndication.csproj", "{86AF9531-D270-4C18-A8B9-C67A8782AF69}"
EndProject
Project("{FAE04EC0-301F-11D3-BF4B-00C04F79EFBC}") = "DotNetNuke.HttpModules", "Community\HttpModules\DotNetNuke.HttpModules.csproj", "{6F0A5B23-E09F-431A-879A-993CB77E23D8}"
	ProjectSection(ProjectDependencies) = postProject
		{DDF18E36-41A0-4CA7-A098-78CA6E6F41C1} = {DDF18E36-41A0-4CA7-A098-78CA6E6F41C1}
	EndProjectSection
EndProject
Project("{FAE04EC0-301F-11D3-BF4B-00C04F79EFBC}") = "DotNetNuke.Web", "Community\DotNetNuke.Web\DotNetNuke.Web.csproj", "{8DA31B98-5E8E-4243-8967-D4CF7DC622CB}"
	ProjectSection(ProjectDependencies) = postProject
		{6F0A5B23-E09F-431A-879A-993CB77E23D8} = {6F0A5B23-E09F-431A-879A-993CB77E23D8}
		{DDF18E36-41A0-4CA7-A098-78CA6E6F41C1} = {DDF18E36-41A0-4CA7-A098-78CA6E6F41C1}
		{537B45EB-2EC3-4849-BC6B-D761F43674A5} = {537B45EB-2EC3-4849-BC6B-D761F43674A5}
	EndProjectSection
EndProject
Project("{FAE04EC0-301F-11D3-BF4B-00C04F79EFBC}") = "DotNetNuke.Modules.Taxonomy", "Community\Modules\Taxonomy\DotNetNuke.Modules.Taxonomy.csproj", "{93532801-CD42-40D1-B765-77676362F98C}"
EndProject
Project("{FAE04EC0-301F-11D3-BF4B-00C04F79EFBC}") = "DotNetNuke.Modules.Html", "Community\Modules\HTML\DotNetNuke.Modules.Html.csproj", "{40EDB581-6D12-42C0-A610-736AE97A0321}"
EndProject
Project("{FAE04EC0-301F-11D3-BF4B-00C04F79EFBC}") = "DotNetNuke.Instrumentation", "Community\DotNetNuke.Instrumentation\DotNetNuke.Instrumentation.csproj", "{DDF18E36-41A0-4CA7-A098-78CA6E6F41C1}"
EndProject
Project("{FAE04EC0-301F-11D3-BF4B-00C04F79EFBC}") = "Externally.Sourced", "Community\Externally Sourced\Externally.Sourced.csproj", "{31106CA4-52E9-4C43-9B47-EB23EEE9AB58}"
EndProject
Project("{FAE04EC0-301F-11D3-BF4B-00C04F79EFBC}") = "DotNetNuke.RadEditorProvider", "Community\Providers\HtmlEditorProviders\RadEditorProvider\DotNetNuke.RadEditorProvider.csproj", "{2671B9D5-A788-4DE3-93D6-20D6895A2979}"
EndProject
Project("{FAE04EC0-301F-11D3-BF4B-00C04F79EFBC}") = "DotNetNuke.Modules.MobileManagement", "Community\Modules\MobileManagement\DotNetNuke.Modules.MobileManagement.csproj", "{EA66DE17-1484-449C-AA83-8AF159E95AFB}"
EndProject
Project("{FAE04EC0-301F-11D3-BF4B-00C04F79EFBC}") = "DotNetNuke.Modules.PreviewProfileManagement", "Community\Modules\PreviewProfileManagement\DotNetNuke.Modules.PreviewProfileManagement.csproj", "{BB64270B-FFF0-414D-B8A7-AE965BFDFB23}"
EndProject
Project("{FAE04EC0-301F-11D3-BF4B-00C04F79EFBC}") = "DotNetNuke.Web.Client", "Community\DotNetNuke.Web.Client\DotNetNuke.Web.Client.csproj", "{537B45EB-2EC3-4849-BC6B-D761F43674A5}"
EndProject
Project("{FAE04EC0-301F-11D3-BF4B-00C04F79EFBC}") = "DotNetNuke.Modules.CoreMessaging", "Community\Modules\CoreMessaging\DotNetNuke.Modules.CoreMessaging.csproj", "{BF0B634C-5263-4A07-B2D8-ADB54DBA9778}"
EndProject
Project("{FAE04EC0-301F-11D3-BF4B-00C04F79EFBC}") = "DotNetNuke.Modules.Groups", "Community\Modules\Groups\DotNetNuke.Modules.Groups.csproj", "{45396D10-276E-4335-AD82-635B8094A962}"
EndProject
Project("{FAE04EC0-301F-11D3-BF4B-00C04F79EFBC}") = "DotNetNuke.Modules.Journal", "Community\Modules\Journal\DotNetNuke.Modules.Journal.csproj", "{7E5FC573-7BE4-497D-8BFF-5C8023ED4BFA}"
EndProject
Project("{FAE04EC0-301F-11D3-BF4B-00C04F79EFBC}") = "DotNetNuke.Modules.MemberDirectory", "Community\Modules\MemberDirectory\DotNetNuke.Modules.MemberDirectory.csproj", "{0236EEB9-43AA-452C-9090-60A152640848}"
EndProject
Project("{FAE04EC0-301F-11D3-BF4B-00C04F79EFBC}") = "DotNetNuke.Authentication.Facebook", "Community\Providers\AuthenticationProviders\DotNetNuke.Authentication.Facebook\DotNetNuke.Authentication.Facebook.csproj", "{7D3A6312-EE73-470D-A28D-AC6773F9FADD}"
EndProject
Project("{FAE04EC0-301F-11D3-BF4B-00C04F79EFBC}") = "DotNetNuke.Authentication.Google", "Community\Providers\AuthenticationProviders\DotNetNuke.Authentication.Google\DotNetNuke.Authentication.Google.csproj", "{9F140475-F687-4088-B6C3-429D94A2AF4F}"
EndProject
Project("{FAE04EC0-301F-11D3-BF4B-00C04F79EFBC}") = "DotNetNuke.Authentication.LiveConnect", "Community\Providers\AuthenticationProviders\DotNetNuke.Authentication.LiveConnect\DotNetNuke.Authentication.LiveConnect.csproj", "{DD690634-0D81-4BB5-A952-F93401415D9B}"
EndProject
Project("{FAE04EC0-301F-11D3-BF4B-00C04F79EFBC}") = "DotNetNuke.Authentication.Twitter", "Community\Providers\AuthenticationProviders\DotNetNuke.Authentication.Twitter\DotNetNuke.Authentication.Twitter.csproj", "{F78EC44B-A9C3-432F-8EB7-8ED4290219DF}"
EndProject
Project("{FAE04EC0-301F-11D3-BF4B-00C04F79EFBC}") = "Provider.FiftyOneClientCapabilityProvider", "Community\Providers\ClientCapabilityProviders\Provider.FiftyOneClientCapabilityProvider\Provider.FiftyOneClientCapabilityProvider.csproj", "{7E780100-F200-4720-B362-7C930C0843B8}"
EndProject
Project("{2150E333-8FDC-42A3-9474-1A3956D46DE8}") = "Community", "Community", "{CC49DF76-2BDF-4DA3-BCE2-9525147E5543}"
EndProject
Project("{2150E333-8FDC-42A3-9474-1A3956D46DE8}") = "Controls", "Controls", "{206775C5-B9B2-4EF1-BA85-2C7E1138D6B0}"
EndProject
Project("{2150E333-8FDC-42A3-9474-1A3956D46DE8}") = "Modules", "Modules", "{5C0F4236-5C38-4317-A2DE-424244531F8E}"
EndProject
Project("{2150E333-8FDC-42A3-9474-1A3956D46DE8}") = "Providers", "Providers", "{A70C6E64-6F27-4306-9CA1-F44498E2B6F4}"
EndProject
Project("{2150E333-8FDC-42A3-9474-1A3956D46DE8}") = "Authentication", "Authentication", "{108DA0B7-3FB5-44F9-9359-3D94B34979F9}"
EndProject
Project("{2150E333-8FDC-42A3-9474-1A3956D46DE8}") = "Client Capability", "Client Capability", "{89E0FCD9-9B64-4A9E-BB83-2799520311A6}"
EndProject
Project("{2150E333-8FDC-42A3-9474-1A3956D46DE8}") = "HTML Editor", "HTML Editor", "{7457340F-D985-4995-869C-0221865510A3}"
EndProject
Project("{2150E333-8FDC-42A3-9474-1A3956D46DE8}") = "Navigation", "Navigation", "{DB6894EB-197F-4A10-AC2B-E29F892CD5CC}"
EndProject
Project("{FAE04EC0-301F-11D3-BF4B-00C04F79EFBC}") = "ClientDependency.Core", "Community\Components\ClientDependency\Source\ClientDependency.Core.csproj", "{EA35B06D-0CC8-4830-A3F7-9BB3D36D0FAF}"
EndProject
Project("{FAE04EC0-301F-11D3-BF4B-00C04F79EFBC}") = "DotNetNuke.Modules.DigitalAssets", "Community\Modules\DigitalAssets\DotNetNuke.Modules.DigitalAssets.csproj", "{7D61A32C-0F21-453F-A981-BD8E5A3A5304}"
EndProject
Project("{E24C65DC-7377-472B-9ABA-BC803B73C61A}") = "DotNetNuke_Community", "http://newdnn.blondgorilla.com", "{905F3485-957C-40CF-8DA5-705DCE5C622C}"
	ProjectSection(WebsiteProperties) = preProject
		SccProjectName = ""
		SccAuxPath = ""
		SccLocalPath = ""
		SccProvider = ""
		UseIISExpress = "false"
		TargetFrameworkMoniker = ".NETFramework,Version%3Dv4.0"
		Debug.AspNetCompiler.VirtualPath = "/DotNetNuke_Community"
		Debug.AspNetCompiler.PhysicalPath = "Website\"
		Debug.AspNetCompiler.TargetPath = "PrecompiledWeb\DotNetNuke_Community\"
		Debug.AspNetCompiler.Updateable = "true"
		Debug.AspNetCompiler.ForceOverwrite = "true"
		Debug.AspNetCompiler.FixedNames = "false"
		Debug.AspNetCompiler.Debug = "True"
		Release.AspNetCompiler.VirtualPath = "/DotNetNuke_Community"
		Release.AspNetCompiler.PhysicalPath = "Website\"
		Release.AspNetCompiler.TargetPath = "PrecompiledWeb\DotNetNuke_Community\"
		Release.AspNetCompiler.Updateable = "true"
		Release.AspNetCompiler.ForceOverwrite = "true"
		Release.AspNetCompiler.FixedNames = "false"
		Release.AspNetCompiler.Debug = "False"
		SlnRelativePath = "Website\"
	EndProjectSection
EndProject
Project("{FAE04EC0-301F-11D3-BF4B-00C04F79EFBC}") = "DotNetNuke.UrlManagement", "Community\Modules\UrlManagement\DotNetNuke.UrlManagement.csproj", "{14C63FFF-874C-4482-B94D-3E00348734CB}"
EndProject
Global
	GlobalSection(SolutionConfigurationPlatforms) = preSolution
		Debug|Any CPU = Debug|Any CPU
		Debug|x86 = Debug|x86
		Release|Any CPU = Release|Any CPU
		Release|x86 = Release|x86
	EndGlobalSection
	GlobalSection(ProjectConfigurationPlatforms) = postSolution
		{D391550C-7107-49B2-A6AC-8627C8B06ADC}.Debug|Any CPU.ActiveCfg = Debug|Any CPU
		{D391550C-7107-49B2-A6AC-8627C8B06ADC}.Debug|Any CPU.Build.0 = Debug|Any CPU
		{D391550C-7107-49B2-A6AC-8627C8B06ADC}.Debug|x86.ActiveCfg = Debug|x86
		{D391550C-7107-49B2-A6AC-8627C8B06ADC}.Debug|x86.Build.0 = Debug|x86
		{D391550C-7107-49B2-A6AC-8627C8B06ADC}.Release|Any CPU.ActiveCfg = Release|Any CPU
		{D391550C-7107-49B2-A6AC-8627C8B06ADC}.Release|Any CPU.Build.0 = Release|Any CPU
		{D391550C-7107-49B2-A6AC-8627C8B06ADC}.Release|x86.ActiveCfg = Release|x86
		{D391550C-7107-49B2-A6AC-8627C8B06ADC}.Release|x86.Build.0 = Release|x86
		{982CB668-91F8-43BB-AC80-D4E178E6D2B4}.Debug|Any CPU.ActiveCfg = Debug|Any CPU
		{982CB668-91F8-43BB-AC80-D4E178E6D2B4}.Debug|Any CPU.Build.0 = Debug|Any CPU
		{982CB668-91F8-43BB-AC80-D4E178E6D2B4}.Debug|x86.ActiveCfg = Debug|Any CPU
		{982CB668-91F8-43BB-AC80-D4E178E6D2B4}.Release|Any CPU.ActiveCfg = Release|Any CPU
		{982CB668-91F8-43BB-AC80-D4E178E6D2B4}.Release|Any CPU.Build.0 = Release|Any CPU
		{982CB668-91F8-43BB-AC80-D4E178E6D2B4}.Release|x86.ActiveCfg = Release|Any CPU
		{78BC5861-5023-4370-A30A-EC7629E93ED1}.Debug|Any CPU.ActiveCfg = Debug|Any CPU
		{78BC5861-5023-4370-A30A-EC7629E93ED1}.Debug|Any CPU.Build.0 = Debug|Any CPU
		{78BC5861-5023-4370-A30A-EC7629E93ED1}.Debug|x86.ActiveCfg = Debug|Any CPU
		{78BC5861-5023-4370-A30A-EC7629E93ED1}.Release|Any CPU.ActiveCfg = Release|Any CPU
		{78BC5861-5023-4370-A30A-EC7629E93ED1}.Release|Any CPU.Build.0 = Release|Any CPU
		{78BC5861-5023-4370-A30A-EC7629E93ED1}.Release|x86.ActiveCfg = Release|Any CPU
		{4F30AA90-BE74-4354-B3E1-DE0004F5E395}.Debug|Any CPU.ActiveCfg = Debug|Any CPU
		{4F30AA90-BE74-4354-B3E1-DE0004F5E395}.Debug|Any CPU.Build.0 = Debug|Any CPU
		{4F30AA90-BE74-4354-B3E1-DE0004F5E395}.Debug|x86.ActiveCfg = Debug|Any CPU
		{4F30AA90-BE74-4354-B3E1-DE0004F5E395}.Release|Any CPU.ActiveCfg = Release|Any CPU
		{4F30AA90-BE74-4354-B3E1-DE0004F5E395}.Release|Any CPU.Build.0 = Release|Any CPU
		{4F30AA90-BE74-4354-B3E1-DE0004F5E395}.Release|x86.ActiveCfg = Release|Any CPU
		{1A19AB44-33A4-4222-A420-7B213E91C647}.Debug|Any CPU.ActiveCfg = Debug|Any CPU
		{1A19AB44-33A4-4222-A420-7B213E91C647}.Debug|Any CPU.Build.0 = Debug|Any CPU
		{1A19AB44-33A4-4222-A420-7B213E91C647}.Debug|x86.ActiveCfg = Debug|Any CPU
		{1A19AB44-33A4-4222-A420-7B213E91C647}.Release|Any CPU.ActiveCfg = Release|Any CPU
		{1A19AB44-33A4-4222-A420-7B213E91C647}.Release|Any CPU.Build.0 = Release|Any CPU
		{1A19AB44-33A4-4222-A420-7B213E91C647}.Release|x86.ActiveCfg = Release|Any CPU
		{89093FD0-076F-48CD-9232-B665226CDBF0}.Debug|Any CPU.ActiveCfg = Debug|Any CPU
		{89093FD0-076F-48CD-9232-B665226CDBF0}.Debug|Any CPU.Build.0 = Debug|Any CPU
		{89093FD0-076F-48CD-9232-B665226CDBF0}.Debug|x86.ActiveCfg = Debug|Any CPU
		{89093FD0-076F-48CD-9232-B665226CDBF0}.Release|Any CPU.ActiveCfg = Release|Any CPU
		{89093FD0-076F-48CD-9232-B665226CDBF0}.Release|Any CPU.Build.0 = Release|Any CPU
		{89093FD0-076F-48CD-9232-B665226CDBF0}.Release|x86.ActiveCfg = Release|Any CPU
		{1012996F-79CF-4175-81D7-B3B131A81489}.Debug|Any CPU.ActiveCfg = Debug|Any CPU
		{1012996F-79CF-4175-81D7-B3B131A81489}.Debug|Any CPU.Build.0 = Debug|Any CPU
		{1012996F-79CF-4175-81D7-B3B131A81489}.Debug|x86.ActiveCfg = Debug|Any CPU
		{1012996F-79CF-4175-81D7-B3B131A81489}.Release|Any CPU.ActiveCfg = Release|Any CPU
		{1012996F-79CF-4175-81D7-B3B131A81489}.Release|Any CPU.Build.0 = Release|Any CPU
		{1012996F-79CF-4175-81D7-B3B131A81489}.Release|x86.ActiveCfg = Release|Any CPU
		{86AF9531-D270-4C18-A8B9-C67A8782AF69}.Debug|Any CPU.ActiveCfg = Debug|Any CPU
		{86AF9531-D270-4C18-A8B9-C67A8782AF69}.Debug|Any CPU.Build.0 = Debug|Any CPU
		{86AF9531-D270-4C18-A8B9-C67A8782AF69}.Debug|x86.ActiveCfg = Debug|Any CPU
		{86AF9531-D270-4C18-A8B9-C67A8782AF69}.Release|Any CPU.ActiveCfg = Release|Any CPU
		{86AF9531-D270-4C18-A8B9-C67A8782AF69}.Release|Any CPU.Build.0 = Release|Any CPU
		{86AF9531-D270-4C18-A8B9-C67A8782AF69}.Release|x86.ActiveCfg = Release|Any CPU
		{6F0A5B23-E09F-431A-879A-993CB77E23D8}.Debug|Any CPU.ActiveCfg = Debug|Any CPU
		{6F0A5B23-E09F-431A-879A-993CB77E23D8}.Debug|Any CPU.Build.0 = Debug|Any CPU
		{6F0A5B23-E09F-431A-879A-993CB77E23D8}.Debug|x86.ActiveCfg = Debug|Any CPU
		{6F0A5B23-E09F-431A-879A-993CB77E23D8}.Release|Any CPU.ActiveCfg = Release|Any CPU
		{6F0A5B23-E09F-431A-879A-993CB77E23D8}.Release|Any CPU.Build.0 = Release|Any CPU
		{6F0A5B23-E09F-431A-879A-993CB77E23D8}.Release|x86.ActiveCfg = Release|Any CPU
		{8DA31B98-5E8E-4243-8967-D4CF7DC622CB}.Debug|Any CPU.ActiveCfg = Debug|Any CPU
		{8DA31B98-5E8E-4243-8967-D4CF7DC622CB}.Debug|Any CPU.Build.0 = Debug|Any CPU
		{8DA31B98-5E8E-4243-8967-D4CF7DC622CB}.Debug|x86.ActiveCfg = Debug|x86
		{8DA31B98-5E8E-4243-8967-D4CF7DC622CB}.Debug|x86.Build.0 = Debug|x86
		{8DA31B98-5E8E-4243-8967-D4CF7DC622CB}.Release|Any CPU.ActiveCfg = Release|Any CPU
		{8DA31B98-5E8E-4243-8967-D4CF7DC622CB}.Release|Any CPU.Build.0 = Release|Any CPU
		{8DA31B98-5E8E-4243-8967-D4CF7DC622CB}.Release|x86.ActiveCfg = Release|x86
		{8DA31B98-5E8E-4243-8967-D4CF7DC622CB}.Release|x86.Build.0 = Release|x86
		{93532801-CD42-40D1-B765-77676362F98C}.Debug|Any CPU.ActiveCfg = Debug|Any CPU
		{93532801-CD42-40D1-B765-77676362F98C}.Debug|Any CPU.Build.0 = Debug|Any CPU
		{93532801-CD42-40D1-B765-77676362F98C}.Debug|x86.ActiveCfg = Debug|x86
		{93532801-CD42-40D1-B765-77676362F98C}.Debug|x86.Build.0 = Debug|x86
		{93532801-CD42-40D1-B765-77676362F98C}.Release|Any CPU.ActiveCfg = Release|Any CPU
		{93532801-CD42-40D1-B765-77676362F98C}.Release|Any CPU.Build.0 = Release|Any CPU
		{93532801-CD42-40D1-B765-77676362F98C}.Release|x86.ActiveCfg = Release|x86
		{93532801-CD42-40D1-B765-77676362F98C}.Release|x86.Build.0 = Release|x86
		{40EDB581-6D12-42C0-A610-736AE97A0321}.Debug|Any CPU.ActiveCfg = Debug|Any CPU
		{40EDB581-6D12-42C0-A610-736AE97A0321}.Debug|Any CPU.Build.0 = Debug|Any CPU
		{40EDB581-6D12-42C0-A610-736AE97A0321}.Debug|x86.ActiveCfg = Debug|x86
		{40EDB581-6D12-42C0-A610-736AE97A0321}.Debug|x86.Build.0 = Debug|x86
		{40EDB581-6D12-42C0-A610-736AE97A0321}.Release|Any CPU.ActiveCfg = Release|Any CPU
		{40EDB581-6D12-42C0-A610-736AE97A0321}.Release|Any CPU.Build.0 = Release|Any CPU
		{40EDB581-6D12-42C0-A610-736AE97A0321}.Release|x86.ActiveCfg = Release|x86
		{40EDB581-6D12-42C0-A610-736AE97A0321}.Release|x86.Build.0 = Release|x86
		{DDF18E36-41A0-4CA7-A098-78CA6E6F41C1}.Debug|Any CPU.ActiveCfg = Debug|Any CPU
		{DDF18E36-41A0-4CA7-A098-78CA6E6F41C1}.Debug|Any CPU.Build.0 = Debug|Any CPU
		{DDF18E36-41A0-4CA7-A098-78CA6E6F41C1}.Debug|x86.ActiveCfg = Debug|Any CPU
		{DDF18E36-41A0-4CA7-A098-78CA6E6F41C1}.Release|Any CPU.ActiveCfg = Release|Any CPU
		{DDF18E36-41A0-4CA7-A098-78CA6E6F41C1}.Release|Any CPU.Build.0 = Release|Any CPU
		{DDF18E36-41A0-4CA7-A098-78CA6E6F41C1}.Release|x86.ActiveCfg = Release|Any CPU
		{31106CA4-52E9-4C43-9B47-EB23EEE9AB58}.Debug|Any CPU.ActiveCfg = Debug|Any CPU
		{31106CA4-52E9-4C43-9B47-EB23EEE9AB58}.Debug|Any CPU.Build.0 = Debug|Any CPU
		{31106CA4-52E9-4C43-9B47-EB23EEE9AB58}.Debug|x86.ActiveCfg = Debug|Any CPU
		{31106CA4-52E9-4C43-9B47-EB23EEE9AB58}.Release|Any CPU.ActiveCfg = Release|Any CPU
		{31106CA4-52E9-4C43-9B47-EB23EEE9AB58}.Release|Any CPU.Build.0 = Release|Any CPU
		{31106CA4-52E9-4C43-9B47-EB23EEE9AB58}.Release|x86.ActiveCfg = Release|Any CPU
		{2671B9D5-A788-4DE3-93D6-20D6895A2979}.Debug|Any CPU.ActiveCfg = Debug|Any CPU
		{2671B9D5-A788-4DE3-93D6-20D6895A2979}.Debug|Any CPU.Build.0 = Debug|Any CPU
		{2671B9D5-A788-4DE3-93D6-20D6895A2979}.Debug|x86.ActiveCfg = Debug|Any CPU
		{2671B9D5-A788-4DE3-93D6-20D6895A2979}.Release|Any CPU.ActiveCfg = Release|Any CPU
		{2671B9D5-A788-4DE3-93D6-20D6895A2979}.Release|Any CPU.Build.0 = Release|Any CPU
		{2671B9D5-A788-4DE3-93D6-20D6895A2979}.Release|x86.ActiveCfg = Release|Any CPU
		{EA66DE17-1484-449C-AA83-8AF159E95AFB}.Debug|Any CPU.ActiveCfg = Debug|Any CPU
		{EA66DE17-1484-449C-AA83-8AF159E95AFB}.Debug|Any CPU.Build.0 = Debug|Any CPU
		{EA66DE17-1484-449C-AA83-8AF159E95AFB}.Debug|x86.ActiveCfg = Debug|Any CPU
		{EA66DE17-1484-449C-AA83-8AF159E95AFB}.Release|Any CPU.ActiveCfg = Release|Any CPU
		{EA66DE17-1484-449C-AA83-8AF159E95AFB}.Release|Any CPU.Build.0 = Release|Any CPU
		{EA66DE17-1484-449C-AA83-8AF159E95AFB}.Release|x86.ActiveCfg = Release|Any CPU
		{BB64270B-FFF0-414D-B8A7-AE965BFDFB23}.Debug|Any CPU.ActiveCfg = Debug|Any CPU
		{BB64270B-FFF0-414D-B8A7-AE965BFDFB23}.Debug|Any CPU.Build.0 = Debug|Any CPU
		{BB64270B-FFF0-414D-B8A7-AE965BFDFB23}.Debug|x86.ActiveCfg = Debug|Any CPU
		{BB64270B-FFF0-414D-B8A7-AE965BFDFB23}.Release|Any CPU.ActiveCfg = Release|Any CPU
		{BB64270B-FFF0-414D-B8A7-AE965BFDFB23}.Release|Any CPU.Build.0 = Release|Any CPU
		{BB64270B-FFF0-414D-B8A7-AE965BFDFB23}.Release|x86.ActiveCfg = Release|Any CPU
		{537B45EB-2EC3-4849-BC6B-D761F43674A5}.Debug|Any CPU.ActiveCfg = Debug|Any CPU
		{537B45EB-2EC3-4849-BC6B-D761F43674A5}.Debug|Any CPU.Build.0 = Debug|Any CPU
		{537B45EB-2EC3-4849-BC6B-D761F43674A5}.Debug|x86.ActiveCfg = Debug|Any CPU
		{537B45EB-2EC3-4849-BC6B-D761F43674A5}.Release|Any CPU.ActiveCfg = Release|Any CPU
		{537B45EB-2EC3-4849-BC6B-D761F43674A5}.Release|Any CPU.Build.0 = Release|Any CPU
		{537B45EB-2EC3-4849-BC6B-D761F43674A5}.Release|x86.ActiveCfg = Release|Any CPU
		{BF0B634C-5263-4A07-B2D8-ADB54DBA9778}.Debug|Any CPU.ActiveCfg = Debug|Any CPU
		{BF0B634C-5263-4A07-B2D8-ADB54DBA9778}.Debug|Any CPU.Build.0 = Debug|Any CPU
		{BF0B634C-5263-4A07-B2D8-ADB54DBA9778}.Debug|x86.ActiveCfg = Debug|Any CPU
		{BF0B634C-5263-4A07-B2D8-ADB54DBA9778}.Release|Any CPU.ActiveCfg = Release|Any CPU
		{BF0B634C-5263-4A07-B2D8-ADB54DBA9778}.Release|Any CPU.Build.0 = Release|Any CPU
		{BF0B634C-5263-4A07-B2D8-ADB54DBA9778}.Release|x86.ActiveCfg = Release|Any CPU
		{45396D10-276E-4335-AD82-635B8094A962}.Debug|Any CPU.ActiveCfg = Debug|Any CPU
		{45396D10-276E-4335-AD82-635B8094A962}.Debug|Any CPU.Build.0 = Debug|Any CPU
		{45396D10-276E-4335-AD82-635B8094A962}.Debug|x86.ActiveCfg = Debug|Any CPU
		{45396D10-276E-4335-AD82-635B8094A962}.Release|Any CPU.ActiveCfg = Release|Any CPU
		{45396D10-276E-4335-AD82-635B8094A962}.Release|Any CPU.Build.0 = Release|Any CPU
		{45396D10-276E-4335-AD82-635B8094A962}.Release|x86.ActiveCfg = Release|Any CPU
		{7E5FC573-7BE4-497D-8BFF-5C8023ED4BFA}.Debug|Any CPU.ActiveCfg = Debug|Any CPU
		{7E5FC573-7BE4-497D-8BFF-5C8023ED4BFA}.Debug|Any CPU.Build.0 = Debug|Any CPU
		{7E5FC573-7BE4-497D-8BFF-5C8023ED4BFA}.Debug|x86.ActiveCfg = Debug|Any CPU
		{7E5FC573-7BE4-497D-8BFF-5C8023ED4BFA}.Release|Any CPU.ActiveCfg = Release|Any CPU
		{7E5FC573-7BE4-497D-8BFF-5C8023ED4BFA}.Release|Any CPU.Build.0 = Release|Any CPU
		{7E5FC573-7BE4-497D-8BFF-5C8023ED4BFA}.Release|x86.ActiveCfg = Release|Any CPU
		{0236EEB9-43AA-452C-9090-60A152640848}.Debug|Any CPU.ActiveCfg = Debug|Any CPU
		{0236EEB9-43AA-452C-9090-60A152640848}.Debug|Any CPU.Build.0 = Debug|Any CPU
		{0236EEB9-43AA-452C-9090-60A152640848}.Debug|x86.ActiveCfg = Debug|Any CPU
		{0236EEB9-43AA-452C-9090-60A152640848}.Release|Any CPU.ActiveCfg = Release|Any CPU
		{0236EEB9-43AA-452C-9090-60A152640848}.Release|Any CPU.Build.0 = Release|Any CPU
		{0236EEB9-43AA-452C-9090-60A152640848}.Release|x86.ActiveCfg = Release|Any CPU
		{7D3A6312-EE73-470D-A28D-AC6773F9FADD}.Debug|Any CPU.ActiveCfg = Debug|Any CPU
		{7D3A6312-EE73-470D-A28D-AC6773F9FADD}.Debug|Any CPU.Build.0 = Debug|Any CPU
		{7D3A6312-EE73-470D-A28D-AC6773F9FADD}.Debug|x86.ActiveCfg = Debug|Any CPU
		{7D3A6312-EE73-470D-A28D-AC6773F9FADD}.Release|Any CPU.ActiveCfg = Release|Any CPU
		{7D3A6312-EE73-470D-A28D-AC6773F9FADD}.Release|Any CPU.Build.0 = Release|Any CPU
		{7D3A6312-EE73-470D-A28D-AC6773F9FADD}.Release|x86.ActiveCfg = Release|Any CPU
		{9F140475-F687-4088-B6C3-429D94A2AF4F}.Debug|Any CPU.ActiveCfg = Debug|Any CPU
		{9F140475-F687-4088-B6C3-429D94A2AF4F}.Debug|Any CPU.Build.0 = Debug|Any CPU
		{9F140475-F687-4088-B6C3-429D94A2AF4F}.Debug|x86.ActiveCfg = Debug|Any CPU
		{9F140475-F687-4088-B6C3-429D94A2AF4F}.Release|Any CPU.ActiveCfg = Release|Any CPU
		{9F140475-F687-4088-B6C3-429D94A2AF4F}.Release|Any CPU.Build.0 = Release|Any CPU
		{9F140475-F687-4088-B6C3-429D94A2AF4F}.Release|x86.ActiveCfg = Release|Any CPU
		{DD690634-0D81-4BB5-A952-F93401415D9B}.Debug|Any CPU.ActiveCfg = Debug|Any CPU
		{DD690634-0D81-4BB5-A952-F93401415D9B}.Debug|Any CPU.Build.0 = Debug|Any CPU
		{DD690634-0D81-4BB5-A952-F93401415D9B}.Debug|x86.ActiveCfg = Debug|Any CPU
		{DD690634-0D81-4BB5-A952-F93401415D9B}.Release|Any CPU.ActiveCfg = Release|Any CPU
		{DD690634-0D81-4BB5-A952-F93401415D9B}.Release|Any CPU.Build.0 = Release|Any CPU
		{DD690634-0D81-4BB5-A952-F93401415D9B}.Release|x86.ActiveCfg = Release|Any CPU
		{F78EC44B-A9C3-432F-8EB7-8ED4290219DF}.Debug|Any CPU.ActiveCfg = Debug|Any CPU
		{F78EC44B-A9C3-432F-8EB7-8ED4290219DF}.Debug|Any CPU.Build.0 = Debug|Any CPU
		{F78EC44B-A9C3-432F-8EB7-8ED4290219DF}.Debug|x86.ActiveCfg = Debug|Any CPU
		{F78EC44B-A9C3-432F-8EB7-8ED4290219DF}.Release|Any CPU.ActiveCfg = Release|Any CPU
		{F78EC44B-A9C3-432F-8EB7-8ED4290219DF}.Release|Any CPU.Build.0 = Release|Any CPU
		{F78EC44B-A9C3-432F-8EB7-8ED4290219DF}.Release|x86.ActiveCfg = Release|Any CPU
		{7E780100-F200-4720-B362-7C930C0843B8}.Debug|Any CPU.ActiveCfg = Debug|Any CPU
		{7E780100-F200-4720-B362-7C930C0843B8}.Debug|Any CPU.Build.0 = Debug|Any CPU
		{7E780100-F200-4720-B362-7C930C0843B8}.Debug|x86.ActiveCfg = Debug|Any CPU
		{7E780100-F200-4720-B362-7C930C0843B8}.Release|Any CPU.ActiveCfg = Release|Any CPU
		{7E780100-F200-4720-B362-7C930C0843B8}.Release|Any CPU.Build.0 = Release|Any CPU
		{7E780100-F200-4720-B362-7C930C0843B8}.Release|x86.ActiveCfg = Release|Any CPU
		{EA35B06D-0CC8-4830-A3F7-9BB3D36D0FAF}.Debug|Any CPU.ActiveCfg = Debug|Any CPU
		{EA35B06D-0CC8-4830-A3F7-9BB3D36D0FAF}.Debug|Any CPU.Build.0 = Debug|Any CPU
		{EA35B06D-0CC8-4830-A3F7-9BB3D36D0FAF}.Debug|x86.ActiveCfg = Debug|Any CPU
		{EA35B06D-0CC8-4830-A3F7-9BB3D36D0FAF}.Release|Any CPU.ActiveCfg = Release|Any CPU
		{EA35B06D-0CC8-4830-A3F7-9BB3D36D0FAF}.Release|Any CPU.Build.0 = Release|Any CPU
		{EA35B06D-0CC8-4830-A3F7-9BB3D36D0FAF}.Release|x86.ActiveCfg = Release|Any CPU
		{7D61A32C-0F21-453F-A981-BD8E5A3A5304}.Debug|Any CPU.ActiveCfg = Debug|Any CPU
		{7D61A32C-0F21-453F-A981-BD8E5A3A5304}.Debug|Any CPU.Build.0 = Debug|Any CPU
		{7D61A32C-0F21-453F-A981-BD8E5A3A5304}.Debug|x86.ActiveCfg = Debug|x86
		{7D61A32C-0F21-453F-A981-BD8E5A3A5304}.Debug|x86.Build.0 = Debug|x86
		{7D61A32C-0F21-453F-A981-BD8E5A3A5304}.Release|Any CPU.ActiveCfg = Release|Any CPU
		{7D61A32C-0F21-453F-A981-BD8E5A3A5304}.Release|Any CPU.Build.0 = Release|Any CPU
		{7D61A32C-0F21-453F-A981-BD8E5A3A5304}.Release|x86.ActiveCfg = Release|x86
		{7D61A32C-0F21-453F-A981-BD8E5A3A5304}.Release|x86.Build.0 = Release|x86
		{905F3485-957C-40CF-8DA5-705DCE5C622C}.Debug|Any CPU.ActiveCfg = Debug|Any CPU
		{905F3485-957C-40CF-8DA5-705DCE5C622C}.Debug|x86.ActiveCfg = Debug|Any CPU
		{905F3485-957C-40CF-8DA5-705DCE5C622C}.Release|Any CPU.ActiveCfg = Debug|Any CPU
		{905F3485-957C-40CF-8DA5-705DCE5C622C}.Release|x86.ActiveCfg = Debug|Any CPU
		{14C63FFF-874C-4482-B94D-3E00348734CB}.Debug|Any CPU.ActiveCfg = Debug|Any CPU
		{14C63FFF-874C-4482-B94D-3E00348734CB}.Debug|Any CPU.Build.0 = Debug|Any CPU
		{14C63FFF-874C-4482-B94D-3E00348734CB}.Debug|x86.ActiveCfg = Debug|Any CPU
		{14C63FFF-874C-4482-B94D-3E00348734CB}.Release|Any CPU.ActiveCfg = Release|Any CPU
		{14C63FFF-874C-4482-B94D-3E00348734CB}.Release|Any CPU.Build.0 = Release|Any CPU
		{14C63FFF-874C-4482-B94D-3E00348734CB}.Release|x86.ActiveCfg = Release|Any CPU
	EndGlobalSection
	GlobalSection(SolutionProperties) = preSolution
		HideSolutionNode = FALSE
	EndGlobalSection
	GlobalSection(NestedProjects) = preSolution
		{A70C6E64-6F27-4306-9CA1-F44498E2B6F4} = {CC49DF76-2BDF-4DA3-BCE2-9525147E5543}
		{206775C5-B9B2-4EF1-BA85-2C7E1138D6B0} = {CC49DF76-2BDF-4DA3-BCE2-9525147E5543}
		{86AF9531-D270-4C18-A8B9-C67A8782AF69} = {CC49DF76-2BDF-4DA3-BCE2-9525147E5543}
		{6F0A5B23-E09F-431A-879A-993CB77E23D8} = {CC49DF76-2BDF-4DA3-BCE2-9525147E5543}
		{8DA31B98-5E8E-4243-8967-D4CF7DC622CB} = {CC49DF76-2BDF-4DA3-BCE2-9525147E5543}
		{5C0F4236-5C38-4317-A2DE-424244531F8E} = {CC49DF76-2BDF-4DA3-BCE2-9525147E5543}
		{DDF18E36-41A0-4CA7-A098-78CA6E6F41C1} = {CC49DF76-2BDF-4DA3-BCE2-9525147E5543}
		{31106CA4-52E9-4C43-9B47-EB23EEE9AB58} = {CC49DF76-2BDF-4DA3-BCE2-9525147E5543}
		{537B45EB-2EC3-4849-BC6B-D761F43674A5} = {CC49DF76-2BDF-4DA3-BCE2-9525147E5543}
		{D391550C-7107-49B2-A6AC-8627C8B06ADC} = {CC49DF76-2BDF-4DA3-BCE2-9525147E5543}
		{EA35B06D-0CC8-4830-A3F7-9BB3D36D0FAF} = {CC49DF76-2BDF-4DA3-BCE2-9525147E5543}
		{DB6894EB-197F-4A10-AC2B-E29F892CD5CC} = {A70C6E64-6F27-4306-9CA1-F44498E2B6F4}
		{7457340F-D985-4995-869C-0221865510A3} = {A70C6E64-6F27-4306-9CA1-F44498E2B6F4}
		{108DA0B7-3FB5-44F9-9359-3D94B34979F9} = {A70C6E64-6F27-4306-9CA1-F44498E2B6F4}
		{89E0FCD9-9B64-4A9E-BB83-2799520311A6} = {A70C6E64-6F27-4306-9CA1-F44498E2B6F4}
		{4F30AA90-BE74-4354-B3E1-DE0004F5E395} = {DB6894EB-197F-4A10-AC2B-E29F892CD5CC}
		{1A19AB44-33A4-4222-A420-7B213E91C647} = {DB6894EB-197F-4A10-AC2B-E29F892CD5CC}
		{1012996F-79CF-4175-81D7-B3B131A81489} = {DB6894EB-197F-4A10-AC2B-E29F892CD5CC}
		{982CB668-91F8-43BB-AC80-D4E178E6D2B4} = {DB6894EB-197F-4A10-AC2B-E29F892CD5CC}
		{78BC5861-5023-4370-A30A-EC7629E93ED1} = {DB6894EB-197F-4A10-AC2B-E29F892CD5CC}
		{89093FD0-076F-48CD-9232-B665226CDBF0} = {206775C5-B9B2-4EF1-BA85-2C7E1138D6B0}
		{40EDB581-6D12-42C0-A610-736AE97A0321} = {5C0F4236-5C38-4317-A2DE-424244531F8E}
		{EA66DE17-1484-449C-AA83-8AF159E95AFB} = {5C0F4236-5C38-4317-A2DE-424244531F8E}
		{BB64270B-FFF0-414D-B8A7-AE965BFDFB23} = {5C0F4236-5C38-4317-A2DE-424244531F8E}
		{BF0B634C-5263-4A07-B2D8-ADB54DBA9778} = {5C0F4236-5C38-4317-A2DE-424244531F8E}
		{45396D10-276E-4335-AD82-635B8094A962} = {5C0F4236-5C38-4317-A2DE-424244531F8E}
		{7E5FC573-7BE4-497D-8BFF-5C8023ED4BFA} = {5C0F4236-5C38-4317-A2DE-424244531F8E}
		{0236EEB9-43AA-452C-9090-60A152640848} = {5C0F4236-5C38-4317-A2DE-424244531F8E}
		{93532801-CD42-40D1-B765-77676362F98C} = {5C0F4236-5C38-4317-A2DE-424244531F8E}
		{7D61A32C-0F21-453F-A981-BD8E5A3A5304} = {5C0F4236-5C38-4317-A2DE-424244531F8E}
		{14C63FFF-874C-4482-B94D-3E00348734CB} = {5C0F4236-5C38-4317-A2DE-424244531F8E}
		{2671B9D5-A788-4DE3-93D6-20D6895A2979} = {7457340F-D985-4995-869C-0221865510A3}
		{9F140475-F687-4088-B6C3-429D94A2AF4F} = {108DA0B7-3FB5-44F9-9359-3D94B34979F9}
		{DD690634-0D81-4BB5-A952-F93401415D9B} = {108DA0B7-3FB5-44F9-9359-3D94B34979F9}
		{F78EC44B-A9C3-432F-8EB7-8ED4290219DF} = {108DA0B7-3FB5-44F9-9359-3D94B34979F9}
		{7D3A6312-EE73-470D-A28D-AC6773F9FADD} = {108DA0B7-3FB5-44F9-9359-3D94B34979F9}
		{7E780100-F200-4720-B362-7C930C0843B8} = {89E0FCD9-9B64-4A9E-BB83-2799520311A6}
	EndGlobalSection
EndGlobal
